
Microsoft Visual Studio Solution File, Format Version 12.00
# Visual Studio Version 17
VisualStudioVersion = 17.7.34221.43
MinimumVisualStudioVersion = 10.0.40219.1
Project("{FAE04EC0-301F-11D3-BF4B-00C04F79EFBC}") = "Taskigmanager", "Taskigmanager\Taskigmanager.csproj", "{0E47F03C-A91A-4FD0-BDB8-0387C5244007}"
EndProject
Global
	GlobalSection(SolutionConfigurationPlatforms) = preSolution
		Debug|Any CPU = Debug|Any CPU
		Release|Any CPU = Release|Any CPU
	EndGlobalSection
	GlobalSection(ProjectConfigurationPlatforms) = postSolution
		{0E47F03C-A91A-4FD0-BDB8-0387C5244007}.Debug|Any CPU.ActiveCfg = Debug|Any CPU
		{0E47F03C-A91A-4FD0-BDB8-0387C5244007}.Debug|Any CPU.Build.0 = Debug|Any CPU
		{0E47F03C-A91A-4FD0-BDB8-0387C5244007}.Release|Any CPU.ActiveCfg = Release|Any CPU
		{0E47F03C-A91A-4FD0-BDB8-0387C5244007}.Release|Any CPU.Build.0 = Release|Any CPU
	EndGlobalSection
	GlobalSection(SolutionProperties) = preSolution
		HideSolutionNode = FALSE
	EndGlobalSection
	GlobalSection(ExtensibilityGlobals) = postSolution
		SolutionGuid = {C59EC277-FCA3-41BC-9C15-7018487E0C60}
	EndGlobalSection
EndGlobal
